# This file is @generated by PDM.
# It is not intended for manual editing.

[metadata]
groups = ["default"]
strategy = ["cross_platform", "inherit_metadata"]
lock_version = "4.4.1"
content_hash = "sha256:110fdfa623e94c143de628a02aa3817c28800ade4843588c1d65d7fff71c1a59"

[[package]]
name = "peewee"
version = "3.17.1"
summary = "a little orm"
groups = ["default"]
files = [
    {file = "peewee-3.17.1.tar.gz", hash = "sha256:e009ac4227c4fdc0058a56e822ad5987684f0a1fbb20fed577200785102581c3"},
]

[[package]]
name = "tk"
version = "0.1.0"
summary = "TensorKit is a deep learning helper between Python and C++."
groups = ["default"]
files = [
    {file = "tk-0.1.0-py3-none-any.whl", hash = "sha256:703a69ff0d5ba2bd2f7440582ad10160e4a6561595d33457dc6caa79b9bf4930"},
    {file = "tk-0.1.0.tar.gz", hash = "sha256:60bc8923d5d35f67f5c6bd93d4f0c49d2048114ec077768f959aef36d4ed97f8"},
]
